{
  "version": 4,
  "terraform_version": "1.3.3",
  "serial": 31,
  "lineage": "603cb8a3-da31-e9c7-0405-21caf489dc31",
  "outputs": {
    "ips": {
      "value": [
        []
      ],
      "type": [
        "tuple",
        [
          [
            "list",
            "string"
          ]
        ]
      ]
    }
  },
  "resources": [
    {
      "mode": "data",
      "type": "template_file",
      "name": "network_config",
      "provider": "provider[\"registry.terraform.io/hashicorp/template\"]",
      "instances": [
        {
          "schema_version": 0,
          "attributes": {
            "filename": null,
            "id": "e18b690ab8b4867935e9b6a8e1c946d6b9de5f069a03ed4d3ad0403c65192746",
            "rendered": "version: 2\nethernets:\n  ens3:\n     dhcp4: false\n     # default libvirt network\n     addresses: [ 192.168.122.31/24 ]\n     gateway4: 192.168.122.1\n     nameservers:\n       addresses: [ 192.168.122.1 ]\n       search: [ example.com ]\n",
            "template": "version: 2\nethernets:\n  ens3:\n     dhcp4: false\n     # default libvirt network\n     addresses: [ ${prefixIP}.${octetIP}/24 ]\n     gateway4: ${prefixIP}.1\n     nameservers:\n       addresses: [ ${prefixIP}.1 ]\n       search: [ ${domain} ]\n",
            "vars": {
              "domain": "example.com",
              "octetIP": "31",
              "prefixIP": "192.168.122"
            }
          },
          "sensitive_attributes": []
        }
      ]
    },
    {
      "mode": "data",
      "type": "template_file",
      "name": "user_data",
      "provider": "provider[\"registry.terraform.io/hashicorp/template\"]",
      "instances": [
        {
          "schema_version": 0,
          "attributes": {
            "filename": null,
            "id": "ca3c3fbe92cde09204b147a609a32a0641aa240d0f83bf964b53677437460ce6",
            "rendered": "#cloud-config\nhostname: staticip\nfqdn: staticip.example.com\nmanage_etc_hosts: true\nusers:\n  - name: ubuntu\n    sudo: ALL=(ALL) NOPASSWD:ALL\n    groups: users, admin\n    home: /home/ubuntu\n    shell: /bin/bash\n    lock_passwd: false\n    ssh-authorized-keys:\n      - ssh-rsa AAAAB3NzaC1yc2EAAAADAQABAAACAQDOJgp9XX7eBGdJLTvbYGdMehLQMGLKRdcIkthrN9W7IlOxqKYcXPy43mzs4UOHvzFNINEIR5jmuZ4GtZCxPeFntraoD1SMW0qMsHD2O8W2X2dG93VKJ897Ee8l3LueQvM/HVpgOccpdj0trPig1YKuXUgDfCt5K0tMeZnSRR2nW6TGUJLZ8ZmRQxGpqIu0sEpB0C+I/zxkz5cDdvXQXXMHWuPOXjUL7MqSqz578v8KEGi9bwfzxNwbUZRcwrYDrLlGZFvgeJnDkK21dN1QgNEHmAGNtB5rnp/6GNfs760MMfQIBV8xap3mUK1ErWhvqvbGnhvBGA51ZqPcJxp8yrzhmV5lQGWR35aU+vt2CuBNTaf3fP6az44c+9cbIMWv1j8Z+LdaF5qGmECe5NAuLBGAFxxISKtBMWU0ZfHLNyi3KMwcfKivIwTJeF9UYrdZG5zmlEV/lQtq246KYZ2hLaavRDz/zQVcY+PbV0JPEp8WwZ8e89LY2CjFZd69+FWFcS4l2MQm2hovEv5yvQ8NnQfzSWvpBoirNrnwsWWA/n0EmNymm4DZBDCMtFsCQcZNHS3CXwfScMR1ckidsfjVCvMQkJxXDdaElhzuOyn1ZfS8WfwgLvhV6H2ANN14CnibgYO77AVgkvuD1nO3yJ8sCtb8PYD2aJkde0tLbctoDhTmdw== simple\n\n# only cert auth via ssh (console access can still login)\nssh_pwauth: false\ndisable_root: false\nchpasswd:\n  list: |\n     ubuntu:linux\n  expire: False\npackages:\n    - qemu-guest-agent\n# every boot\nbootcmd:\n    - [ sh, -c, 'echo $(date) | sudo tee -a /root/bootcmd.log' ]\n# run once for setup\nruncmd:\n    - [ sh, -c, 'echo $(date) | sudo tee -a /root/runcmd.log' ]\n# written to /var/log/cloud-init-output.log\nfinal_message: \"The system is finall up, after $UPTIME seconds\"\n\n",
            "template": "#cloud-config\nhostname: ${hostname}\nfqdn: ${fqdn}\nmanage_etc_hosts: true\nusers:\n  - name: ubuntu\n    sudo: ALL=(ALL) NOPASSWD:ALL\n    groups: users, admin\n    home: /home/ubuntu\n    shell: /bin/bash\n    lock_passwd: false\n    ssh-authorized-keys:\n      - ${file(\"id_rsa.pub\")}\n# only cert auth via ssh (console access can still login)\nssh_pwauth: false\ndisable_root: false\nchpasswd:\n  list: |\n     ubuntu:linux\n  expire: False\npackages:\n    - qemu-guest-agent\n# every boot\nbootcmd:\n    - [ sh, -c, 'echo $(date) | sudo tee -a /root/bootcmd.log' ]\n# run once for setup\nruncmd:\n    - [ sh, -c, 'echo $(date) | sudo tee -a /root/runcmd.log' ]\n# written to /var/log/cloud-init-output.log\nfinal_message: \"The system is finall up, after $UPTIME seconds\"\n\n",
            "vars": {
              "fqdn": "staticip.example.com",
              "hostname": "staticip"
            }
          },
          "sensitive_attributes": []
        }
      ]
    },
    {
      "mode": "managed",
      "type": "libvirt_cloudinit_disk",
      "name": "commoninit",
      "provider": "provider[\"registry.terraform.io/dmacvicar/libvirt\"]",
      "instances": [
        {
          "schema_version": 0,
          "attributes": {
            "id": "/var/lib/libvirt/images/staticip-commoninit.iso;a28c76d6-2651-4108-b5ca-f119c99aeb9d",
            "meta_data": "",
            "name": "staticip-commoninit.iso",
            "network_config": "version: 2\nethernets:\n  ens3:\n     dhcp4: false\n     # default libvirt network\n     addresses: [ 192.168.122.31/24 ]\n     gateway4: 192.168.122.1\n     nameservers:\n       addresses: [ 192.168.122.1 ]\n       search: [ example.com ]\n",
            "pool": "default",
            "user_data": "#cloud-config\nhostname: staticip\nfqdn: staticip.example.com\nmanage_etc_hosts: true\nusers:\n  - name: ubuntu\n    sudo: ALL=(ALL) NOPASSWD:ALL\n    groups: users, admin\n    home: /home/ubuntu\n    shell: /bin/bash\n    lock_passwd: false\n    ssh-authorized-keys:\n      - ssh-rsa AAAAB3NzaC1yc2EAAAADAQABAAACAQDOJgp9XX7eBGdJLTvbYGdMehLQMGLKRdcIkthrN9W7IlOxqKYcXPy43mzs4UOHvzFNINEIR5jmuZ4GtZCxPeFntraoD1SMW0qMsHD2O8W2X2dG93VKJ897Ee8l3LueQvM/HVpgOccpdj0trPig1YKuXUgDfCt5K0tMeZnSRR2nW6TGUJLZ8ZmRQxGpqIu0sEpB0C+I/zxkz5cDdvXQXXMHWuPOXjUL7MqSqz578v8KEGi9bwfzxNwbUZRcwrYDrLlGZFvgeJnDkK21dN1QgNEHmAGNtB5rnp/6GNfs760MMfQIBV8xap3mUK1ErWhvqvbGnhvBGA51ZqPcJxp8yrzhmV5lQGWR35aU+vt2CuBNTaf3fP6az44c+9cbIMWv1j8Z+LdaF5qGmECe5NAuLBGAFxxISKtBMWU0ZfHLNyi3KMwcfKivIwTJeF9UYrdZG5zmlEV/lQtq246KYZ2hLaavRDz/zQVcY+PbV0JPEp8WwZ8e89LY2CjFZd69+FWFcS4l2MQm2hovEv5yvQ8NnQfzSWvpBoirNrnwsWWA/n0EmNymm4DZBDCMtFsCQcZNHS3CXwfScMR1ckidsfjVCvMQkJxXDdaElhzuOyn1ZfS8WfwgLvhV6H2ANN14CnibgYO77AVgkvuD1nO3yJ8sCtb8PYD2aJkde0tLbctoDhTmdw== simple\n\n# only cert auth via ssh (console access can still login)\nssh_pwauth: false\ndisable_root: false\nchpasswd:\n  list: |\n     ubuntu:linux\n  expire: False\npackages:\n    - qemu-guest-agent\n# every boot\nbootcmd:\n    - [ sh, -c, 'echo $(date) | sudo tee -a /root/bootcmd.log' ]\n# run once for setup\nruncmd:\n    - [ sh, -c, 'echo $(date) | sudo tee -a /root/runcmd.log' ]\n# written to /var/log/cloud-init-output.log\nfinal_message: \"The system is finall up, after $UPTIME seconds\"\n\n"
          },
          "sensitive_attributes": [],
          "private": "bnVsbA==",
          "dependencies": [
            "data.template_file.network_config",
            "data.template_file.user_data"
          ]
        }
      ]
    },
    {
      "mode": "managed",
      "type": "libvirt_domain",
      "name": "domain-ubuntu",
      "provider": "provider[\"registry.terraform.io/dmacvicar/libvirt\"]",
      "instances": [
        {
          "schema_version": 0,
          "attributes": {
            "arch": "x86_64",
            "autostart": false,
            "boot_device": [],
            "cloudinit": "/var/lib/libvirt/images/staticip-commoninit.iso;a28c76d6-2651-4108-b5ca-f119c99aeb9d",
            "cmdline": [],
            "console": [
              {
                "source_host": "127.0.0.1",
                "source_path": "",
                "source_service": "0",
                "target_port": "0",
                "target_type": "serial",
                "type": "pty"
              }
            ],
            "coreos_ignition": null,
            "cpu": [
              {
                "mode": "custom"
              }
            ],
            "description": "",
            "disk": [
              {
                "block_device": "",
                "file": "",
                "scsi": false,
                "url": "",
                "volume_id": "/var/lib/libvirt/images/staticip-os_image",
                "wwn": ""
              }
            ],
            "emulator": "/usr/bin/qemu-system-x86_64",
            "filesystem": [],
            "firmware": null,
            "fw_cfg_name": "opt/com.coreos/config",
            "graphics": [
              {
                "autoport": true,
                "listen_address": "127.0.0.1",
                "listen_type": "address",
                "type": "spice",
                "websocket": 0
              }
            ],
            "id": "5dbcd5ff-59ea-42a9-8805-561115ff0111",
            "initrd": "",
            "kernel": "",
            "machine": "ubuntu",
            "memory": 1024,
            "metadata": null,
            "name": "staticip-192.168.122.31",
            "network_interface": [
              {
                "addresses": [],
                "bridge": "",
                "hostname": "",
                "mac": "52:54:00:3A:51:66",
                "macvtap": "",
                "network_id": "6a3b9861-0940-4689-8049-cab4a763ad8d",
                "network_name": "default",
                "passthrough": "",
                "vepa": "",
                "wait_for_lease": false
              }
            ],
            "nvram": [],
            "qemu_agent": false,
            "running": true,
            "timeouts": null,
            "tpm": [],
            "vcpu": 1,
            "video": [],
            "xml": []
          },
          "sensitive_attributes": [],
          "private": "eyJlMmJmYjczMC1lY2FhLTExZTYtOGY4OC0zNDM2M2JjN2M0YzAiOnsiY3JlYXRlIjozMDAwMDAwMDAwMDB9fQ==",
          "dependencies": [
            "data.template_file.network_config",
            "data.template_file.user_data",
            "libvirt_cloudinit_disk.commoninit",
            "libvirt_volume.os_image"
          ]
        }
      ]
    },
    {
      "mode": "managed",
      "type": "libvirt_volume",
      "name": "os_image",
      "provider": "provider[\"registry.terraform.io/dmacvicar/libvirt\"]",
      "instances": [
        {
          "schema_version": 0,
          "attributes": {
            "base_volume_id": null,
            "base_volume_name": null,
            "base_volume_pool": null,
            "format": "qcow2",
            "id": "/var/lib/libvirt/images/staticip-os_image",
            "name": "staticip-os_image",
            "pool": "default",
            "size": 2147483648,
            "source": "/home/oem/Downloads/debian-10-generic-amd64-daily-20221027-1181.qcow2",
            "xml": []
          },
          "sensitive_attributes": [],
          "private": "bnVsbA=="
        }
      ]
    }
  ],
  "check_results": []
}
